
Microsoft Visual Studio Solution File, Format Version 12.00
# Visual Studio Version 17
VisualStudioVersion = 17.5.002.0
MinimumVisualStudioVersion = 10.0.40219.1
Project("{9A19103F-16F7-4668-BE54-9A1E7A4F7556}") = "worker", "worker\worker.csproj", "{A916298A-FC12-43A8-A9E9-BA5F4FA41013}"
EndProject
Global
	GlobalSection(SolutionConfigurationPlatforms) = preSolution
		Debug|Any CPU = Debug|Any CPU
		Release|Any CPU = Release|Any CPU
	EndGlobalSection
	GlobalSection(ProjectConfigurationPlatforms) = postSolution
		{A916298A-FC12-43A8-A9E9-BA5F4FA41013}.Debug|Any CPU.ActiveCfg = Debug|Any CPU
		{A916298A-FC12-43A8-A9E9-BA5F4FA41013}.Debug|Any CPU.Build.0 = Debug|Any CPU
		{A916298A-FC12-43A8-A9E9-BA5F4FA41013}.Release|Any CPU.ActiveCfg = Release|Any CPU
		{A916298A-FC12-43A8-A9E9-BA5F4FA41013}.Release|Any CPU.Build.0 = Release|Any CPU
	EndGlobalSection
	GlobalSection(SolutionProperties) = preSolution
		HideSolutionNode = FALSE
	EndGlobalSection
	GlobalSection(ExtensibilityGlobals) = postSolution
		SolutionGuid = {144E01C5-EA17-46A2-99ED-D9B5EF372A80}
	EndGlobalSection
EndGlobal
